
Microsoft Visual Studio Solution File, Format Version 12.00
# Visual Studio Version 17
VisualStudioVersion = 17.6.33829.357
MinimumVisualStudioVersion = 10.0.40219.1
Project("{FAE04EC0-301F-11D3-BF4B-00C04F79EFBC}") = "PharmacyCompany", "PharmacyCompany\PharmacyCompany.csproj", "{1839AC5A-15D0-4C49-9F71-E26BADE32E81}"
EndProject
Global
	GlobalSection(SolutionConfigurationPlatforms) = preSolution
		Debug|Any CPU = Debug|Any CPU
		Release|Any CPU = Release|Any CPU
	EndGlobalSection
	GlobalSection(ProjectConfigurationPlatforms) = postSolution
		{1839AC5A-15D0-4C49-9F71-E26BADE32E81}.Debug|Any CPU.ActiveCfg = Debug|Any CPU
		{1839AC5A-15D0-4C49-9F71-E26BADE32E81}.Debug|Any CPU.Build.0 = Debug|Any CPU
		{1839AC5A-15D0-4C49-9F71-E26BADE32E81}.Release|Any CPU.ActiveCfg = Release|Any CPU
		{1839AC5A-15D0-4C49-9F71-E26BADE32E81}.Release|Any CPU.Build.0 = Release|Any CPU
	EndGlobalSection
	GlobalSection(SolutionProperties) = preSolution
		HideSolutionNode = FALSE
	EndGlobalSection
	GlobalSection(ExtensibilityGlobals) = postSolution
		SolutionGuid = {E4CF1A87-9396-4286-A786-8D1513205EF7}
	EndGlobalSection
EndGlobal
